// !$*UTF8*$!
{
	archiveVersion = 1;
	classes = {
	};
	objectVersion = 46;
	objects = {

/* Begin PBXBuildFile section */
		879743071D1BACE7002BFC6F /* main.m in Sources */ = {isa = PBXBuildFile; fileRef = 879743061D1BACE7002BFC6F /* main.m */; };
		8797430A1D1BACE7002BFC6F /* AppDelegate.m in Sources */ = {isa = PBXBuildFile; fileRef = 879743091D1BACE7002BFC6F /* AppDelegate.m */; };
		8797430D1D1BACE7002BFC6F /* ViewController.m in Sources */ = {isa = PBXBuildFile; fileRef = 8797430C1D1BACE7002BFC6F /* ViewController.m */; };
		879743101D1BACE7002BFC6F /* Main.storyboard in Resources */ = {isa = PBXBuildFile; fileRef = 8797430E1D1BACE7002BFC6F /* Main.storyboard */; };
		879743121D1BACE7002BFC6F /* Assets.xcassets in Resources */ = {isa = PBXBuildFile; fileRef = 879743111D1BACE7002BFC6F /* Assets.xcassets */; };
		879743151D1BACE7002BFC6F /* LaunchScreen.storyboard in Resources */ = {isa = PBXBuildFile; fileRef = 879743131D1BACE7002BFC6F /* LaunchScreen.storyboard */; };
		879743201D1BACE7002BFC6F /* FuzzySearchTests.m in Sources */ = {isa = PBXBuildFile; fileRef = 8797431F1D1BACE7002BFC6F /* FuzzySearchTests.m */; };
		8797432B1D1BACE7002BFC6F /* FuzzySearchUITests.m in Sources */ = {isa = PBXBuildFile; fileRef = 8797432A1D1BACE7002BFC6F /* FuzzySearchUITests.m */; };
/* End PBXBuildFile section */

/* Begin PBXContainerItemProxy section */
		8797431C1D1BACE7002BFC6F /* PBXContainerItemProxy */ = {
			isa = PBXContainerItemProxy;
			containerPortal = 879742FA1D1BACE7002BFC6F /* Project object */;
			proxyType = 1;
			remoteGlobalIDString = 879743011D1BACE7002BFC6F;
			remoteInfo = FuzzySearch;
		};
		879743271D1BACE7002BFC6F /* PBXContainerItemProxy */ = {
			isa = PBXContainerItemProxy;
			containerPortal = 879742FA1D1BACE7002BFC6F /* Project object */;
			proxyType = 1;
			remoteGlobalIDString = 879743011D1BACE7002BFC6F;
			remoteInfo = FuzzySearch;
		};
/* End PBXContainerItemProxy section */

/* Begin PBXFileReference section */
		879743021D1BACE7002BFC6F /* FuzzySearch.app */ = {isa = PBXFileReference; explicitFileType = wrapper.application; includeInIndex = 0; path = FuzzySearch.app; sourceTree = BUILT_PRODUCTS_DIR; };
		879743061D1BACE7002BFC6F /* main.m */ = {isa = PBXFileReference; lastKnownFileType = sourcecode.c.objc; path = main.m; sourceTree = "<group>"; };
		879743081D1BACE7002BFC6F /* AppDelegate.h */ = {isa = PBXFileReference; lastKnownFileType = sourcecode.c.h; path = AppDelegate.h; sourceTree = "<group>"; };
		879743091D1BACE7002BFC6F /* AppDelegate.m */ = {isa = PBXFileReference; lastKnownFileType = sourcecode.c.objc; path = AppDelegate.m; sourceTree = "<group>"; };
		8797430B1D1BACE7002BFC6F /* ViewController.h */ = {isa = PBXFileReference; lastKnownFileType = sourcecode.c.h; path = ViewController.h; sourceTree = "<group>"; };
		8797430C1D1BACE7002BFC6F /* ViewController.m */ = {isa = PBXFileReference; lastKnownFileType = sourcecode.c.objc; path = ViewController.m; sourceTree = "<group>"; };
		8797430F1D1BACE7002BFC6F /* Base */ = {isa = PBXFileReference; lastKnownFileType = file.storyboard; name = Base; path = Base.lproj/Main.storyboard; sourceTree = "<group>"; };
		879743111D1BACE7002BFC6F /* Assets.xcassets */ = {isa = PBXFileReference; lastKnownFileType = folder.assetcatalog; path = Assets.xcassets; sourceTree = "<group>"; };
		879743141D1BACE7002BFC6F /* Base */ = {isa = PBXFileReference; lastKnownFileType = file.storyboard; name = Base; path = Base.lproj/LaunchScreen.storyboard; sourceTree = "<group>"; };
		879743161D1BACE7002BFC6F /* Info.plist */ = {isa = PBXFileReference; lastKnownFileType = text.plist.xml; path = Info.plist; sourceTree = "<group>"; };
		8797431B1D1BACE7002BFC6F /* FuzzySearchTests.xctest */ = {isa = PBXFileReference; explicitFileType = wrapper.cfbundle; includeInIndex = 0; path = FuzzySearchTests.xctest; sourceTree = BUILT_PRODUCTS_DIR; };
		8797431F1D1BACE7002BFC6F /* FuzzySearchTests.m */ = {isa = PBXFileReference; lastKnownFileType = sourcecode.c.objc; path = FuzzySearchTests.m; sourceTree = "<group>"; };
		879743211D1BACE7002BFC6F /* Info.plist */ = {isa = PBXFileReference; lastKnownFileType = text.plist.xml; path = Info.plist; sourceTree = "<group>"; };
		879743261D1BACE7002BFC6F /* FuzzySearchUITests.xctest */ = {isa = PBXFileReference; explicitFileType = wrapper.cfbundle; includeInIndex = 0; path = FuzzySearchUITests.xctest; sourceTree = BUILT_PRODUCTS_DIR; };
		8797432A1D1BACE7002BFC6F /* FuzzySearchUITests.m */ = {isa = PBXFileReference; lastKnownFileType = sourcecode.c.objc; path = FuzzySearchUITests.m; sourceTree = "<group>"; };
		8797432C1D1BACE7002BFC6F /* Info.plist */ = {isa = PBXFileReference; lastKnownFileType = text.plist.xml; path = Info.plist; sourceTree = "<group>"; };
/* End PBXFileReference section */

/* Begin PBXFrameworksBuildPhase section */
		879742FF1D1BACE7002BFC6F /* Frameworks */ = {
			isa = PBXFrameworksBuildPhase;
			buildActionMask = 2147483647;
			files = (
			);
			runOnlyForDeploymentPostprocessing = 0;
		};
		879743181D1BACE7002BFC6F /* Frameworks */ = {
			isa = PBXFrameworksBuildPhase;
			buildActionMask = 2147483647;
			files = (
			);
			runOnlyForDeploymentPostprocessing = 0;
		};
		879743231D1BACE7002BFC6F /* Frameworks */ = {
			isa = PBXFrameworksBuildPhase;
			buildActionMask = 2147483647;
			files = (
			);
			runOnlyForDeploymentPostprocessing = 0;
		};
/* End PBXFrameworksBuildPhase section */

/* Begin PBXGroup section */
		879742F91D1BACE7002BFC6F = {
			isa = PBXGroup;
			children = (
				879743041D1BACE7002BFC6F /* FuzzySearch */,
				8797431E1D1BACE7002BFC6F /* FuzzySearchTests */,
				879743291D1BACE7002BFC6F /* FuzzySearchUITests */,
				879743031D1BACE7002BFC6F /* Products */,
			);
			sourceTree = "<group>";
		};
		879743031D1BACE7002BFC6F /* Products */ = {
			isa = PBXGroup;
			children = (
				879743021D1BACE7002BFC6F /* FuzzySearch.app */,
				8797431B1D1BACE7002BFC6F /* FuzzySearchTests.xctest */,
				879743261D1BACE7002BFC6F /* FuzzySearchUITests.xctest */,
			);
			name = Products;
			sourceTree = "<group>";
		};
		879743041D1BACE7002BFC6F /* FuzzySearch */ = {
			isa = PBXGroup;
			children = (
				879743081D1BACE7002BFC6F /* AppDelegate.h */,
				879743091D1BACE7002BFC6F /* AppDelegate.m */,
				8797430B1D1BACE7002BFC6F /* ViewController.h */,
				8797430C1D1BACE7002BFC6F /* ViewController.m */,
				8797430E1D1BACE7002BFC6F /* Main.storyboard */,
				879743111D1BACE7002BFC6F /* Assets.xcassets */,
				879743131D1BACE7002BFC6F /* LaunchScreen.storyboard */,
				879743161D1BACE7002BFC6F /* Info.plist */,
				879743051D1BACE7002BFC6F /* Supporting Files */,
			);
			path = FuzzySearch;
			sourceTree = "<group>";
		};
		879743051D1BACE7002BFC6F /* Supporting Files */ = {
			isa = PBXGroup;
			children = (
				879743061D1BACE7002BFC6F /* main.m */,
			);
			name = "Supporting Files";
			sourceTree = "<group>";
		};
		8797431E1D1BACE7002BFC6F /* FuzzySearchTests */ = {
			isa = PBXGroup;
			children = (
				8797431F1D1BACE7002BFC6F /* FuzzySearchTests.m */,
				879743211D1BACE7002BFC6F /* Info.plist */,
			);
			path = FuzzySearchTests;
			sourceTree = "<group>";
		};
		879743291D1BACE7002BFC6F /* FuzzySearchUITests */ = {
			isa = PBXGroup;
			children = (
				8797432A1D1BACE7002BFC6F /* FuzzySearchUITests.m */,
				8797432C1D1BACE7002BFC6F /* Info.plist */,
			);
			path = FuzzySearchUITests;
			sourceTree = "<group>";
		};
/* End PBXGroup section */

/* Begin PBXNativeTarget section */
		879743011D1BACE7002BFC6F /* FuzzySearch */ = {
			isa = PBXNativeTarget;
			buildConfigurationList = 8797432F1D1BACE7002BFC6F /* Build configuration list for PBXNativeTarget "FuzzySearch" */;
			buildPhases = (
				879742FE1D1BACE7002BFC6F /* Sources */,
				879742FF1D1BACE7002BFC6F /* Frameworks */,
				879743001D1BACE7002BFC6F /* Resources */,
			);
			buildRules = (
			);
			dependencies = (
			);
			name = FuzzySearch;
			productName = FuzzySearch;
			productReference = 879743021D1BACE7002BFC6F /* FuzzySearch.app */;
			productType = "com.apple.product-type.application";
		};
		8797431A1D1BACE7002BFC6F /* FuzzySearchTests */ = {
			isa = PBXNativeTarget;
			buildConfigurationList = 879743321D1BACE7002BFC6F /* Build configuration list for PBXNativeTarget "FuzzySearchTests" */;
			buildPhases = (
				879743171D1BACE7002BFC6F /* Sources */,
				879743181D1BACE7002BFC6F /* Frameworks */,
				879743191D1BACE7002BFC6F /* Resources */,
			);
			buildRules = (
			);
			dependencies = (
				8797431D1D1BACE7002BFC6F /* PBXTargetDependency */,
			);
			name = FuzzySearchTests;
			productName = FuzzySearchTests;
			productReference = 8797431B1D1BACE7002BFC6F /* FuzzySearchTests.xctest */;
			productType = "com.apple.product-type.bundle.unit-test";
		};
		879743251D1BACE7002BFC6F /* FuzzySearchUITests */ = {
			isa = PBXNativeTarget;
			buildConfigurationList = 879743351D1BACE7002BFC6F /* Build configuration list for PBXNativeTarget "FuzzySearchUITests" */;
			buildPhases = (
				879743221D1BACE7002BFC6F /* Sources */,
				879743231D1BACE7002BFC6F /* Frameworks */,
				879743241D1BACE7002BFC6F /* Resources */,
			);
			buildRules = (
			);
			dependencies = (
				879743281D1BACE7002BFC6F /* PBXTargetDependency */,
			);
			name = FuzzySearchUITests;
			productName = FuzzySearchUITests;
			productReference = 879743261D1BACE7002BFC6F /* FuzzySearchUITests.xctest */;
			productType = "com.apple.product-type.bundle.ui-testing";
		};
/* End PBXNativeTarget section */

/* Begin PBXProject section */
		879742FA1D1BACE7002BFC6F /* Project object */ = {
			isa = PBXProject;
			attributes = {
				LastUpgradeCheck = 0710;
				ORGANIZATIONNAME = GM;
				TargetAttributes = {
					879743011D1BACE7002BFC6F = {
						CreatedOnToolsVersion = 7.1.1;
					};
					8797431A1D1BACE7002BFC6F = {
						CreatedOnToolsVersion = 7.1.1;
						TestTargetID = 879743011D1BACE7002BFC6F;
					};
					879743251D1BACE7002BFC6F = {
						CreatedOnToolsVersion = 7.1.1;
						TestTargetID = 879743011D1BACE7002BFC6F;
					};
				};
			};
			buildConfigurationList = 879742FD1D1BACE7002BFC6F /* Build configuration list for PBXProject "FuzzySearch" */;
			compatibilityVersion = "Xcode 3.2";
			developmentRegion = English;
			hasScannedForEncodings = 0;
			knownRegions = (
				en,
				Base,
			);
			mainGroup = 879742F91D1BACE7002BFC6F;
			productRefGroup = 879743031D1BACE7002BFC6F /* Products */;
			projectDirPath = "";
			projectRoot = "";
			targets = (
				879743011D1BACE7002BFC6F /* FuzzySearch */,
				8797431A1D1BACE7002BFC6F /* FuzzySearchTests */,
				879743251D1BACE7002BFC6F /* FuzzySearchUITests */,
			);
		};
/* End PBXProject section */

/* Begin PBXResourcesBuildPhase section */
		879743001D1BACE7002BFC6F /* Resources */ = {
			isa = PBXResourcesBuildPhase;
			buildActionMask = 2147483647;
			files = (
				879743151D1BACE7002BFC6F /* LaunchScreen.storyboard in Resources */,
				879743121D1BACE7002BFC6F /* Assets.xcassets in Resources */,
				879743101D1BACE7002BFC6F /* Main.storyboard in Resources */,
			);
			runOnlyForDeploymentPostprocessing = 0;
		};
		879743191D1BACE7002BFC6F /* Resources */ = {
			isa = PBXResourcesBuildPhase;
			buildActionMask = 2147483647;
			files = (
			);
			runOnlyForDeploymentPostprocessing = 0;
		};
		879743241D1BACE7002BFC6F /* Resources */ = {
			isa = PBXResourcesBuildPhase;
			buildActionMask = 2147483647;
			files = (
			);
			runOnlyForDeploymentPostprocessing = 0;
		};
/* End PBXResourcesBuildPhase section */

/* Begin PBXSourcesBuildPhase section */
		879742FE1D1BACE7002BFC6F /* Sources */ = {
			isa = PBXSourcesBuildPhase;
			buildActionMask = 2147483647;
			files = (
				8797430D1D1BACE7002BFC6F /* ViewController.m in Sources */,
				8797430A1D1BACE7002BFC6F /* AppDelegate.m in Sources */,
				879743071D1BACE7002BFC6F /* main.m in Sources */,
			);
			runOnlyForDeploymentPostprocessing = 0;
		};
		879743171D1BACE7002BFC6F /* Sources */ = {
			isa = PBXSourcesBuildPhase;
			buildActionMask = 2147483647;
			files = (
				879743201D1BACE7002BFC6F /* FuzzySearchTests.m in Sources */,
			);
			runOnlyForDeploymentPostprocessing = 0;
		};
		879743221D1BACE7002BFC6F /* Sources */ = {
			isa = PBXSourcesBuildPhase;
			buildActionMask = 2147483647;
			files = (
				8797432B1D1BACE7002BFC6F /* FuzzySearchUITests.m in Sources */,
			);
			runOnlyForDeploymentPostprocessing = 0;
		};
/* End PBXSourcesBuildPhase section */

/* Begin PBXTargetDependency section */
		8797431D1D1BACE7002BFC6F /* PBXTargetDependency */ = {
			isa = PBXTargetDependency;
			target = 879743011D1BACE7002BFC6F /* FuzzySearch */;
			targetProxy = 8797431C1D1BACE7002BFC6F /* PBXContainerItemProxy */;
		};
		879743281D1BACE7002BFC6F /* PBXTargetDependency */ = {
			isa = PBXTargetDependency;
			target = 879743011D1BACE7002BFC6F /* FuzzySearch */;
			targetProxy = 879743271D1BACE7002BFC6F /* PBXContainerItemProxy */;
		};
/* End PBXTargetDependency section */

/* Begin PBXVariantGroup section */
		8797430E1D1BACE7002BFC6F /* Main.storyboard */ = {
			isa = PBXVariantGroup;
			children = (
				8797430F1D1BACE7002BFC6F /* Base */,
			);
			name = Main.storyboard;
			sourceTree = "<group>";
		};
		879743131D1BACE7002BFC6F /* LaunchScreen.storyboard */ = {
			isa = PBXVariantGroup;
			children = (
				879743141D1BACE7002BFC6F /* Base */,
			);
			name = LaunchScreen.storyboard;
			sourceTree = "<group>";
		};
/* End PBXVariantGroup section */

/* Begin XCBuildConfiguration section */
		8797432D1D1BACE7002BFC6F /* Debug */ = {
			isa = XCBuildConfiguration;
			buildSettings = {
				ALWAYS_SEARCH_USER_PATHS = NO;
				CLANG_CXX_LANGUAGE_STANDARD = "gnu++0x";
				CLANG_CXX_LIBRARY = "libc++";
				CLANG_ENABLE_MODULES = YES;
				CLANG_ENABLE_OBJC_ARC = YES;
				CLANG_WARN_BOOL_CONVERSION = YES;
				CLANG_WARN_CONSTANT_CONVERSION = YES;
				CLANG_WARN_DIRECT_OBJC_ISA_USAGE = YES_ERROR;
				CLANG_WARN_EMPTY_BODY = YES;
				CLANG_WARN_ENUM_CONVERSION = YES;
				CLANG_WARN_INT_CONVERSION = YES;
				CLANG_WARN_OBJC_ROOT_CLASS = YES_ERROR;
				CLANG_WARN_UNREACHABLE_CODE = YES;
				CLANG_WARN__DUPLICATE_METHOD_MATCH = YES;
				"CODE_SIGN_IDENTITY[sdk=iphoneos*]" = "iPhone Developer";
				COPY_PHASE_STRIP = NO;
				DEBUG_INFORMATION_FORMAT = dwarf;
				ENABLE_STRICT_OBJC_MSGSEND = YES;
				ENABLE_TESTABILITY = YES;
				GCC_C_LANGUAGE_STANDARD = gnu99;
				GCC_DYNAMIC_NO_PIC = NO;
				GCC_NO_COMMON_BLOCKS = YES;
				GCC_OPTIMIZATION_LEVEL = 0;
				GCC_PREPROCESSOR_DEFINITIONS = (
					"DEBUG=1",
					"$(inherited)",
				);
				GCC_WARN_64_TO_32_BIT_CONVERSION = YES;
				GCC_WARN_ABOUT_RETURN_TYPE = YES_ERROR;
				GCC_WARN_UNDECLARED_SELECTOR = YES;
				GCC_WARN_UNINITIALIZED_AUTOS = YES_AGGRESSIVE;
				GCC_WARN_UNUSED_FUNCTION = YES;
				GCC_WARN_UNUSED_VARIABLE = YES;
				IPHONEOS_DEPLOYMENT_TARGET = 9.1;
				MTL_ENABLE_DEBUG_INFO = YES;
				ONLY_ACTIVE_ARCH = YES;
				SDKROOT = iphoneos;
			};
			name = Debug;
		};
		8797432E1D1BACE7002BFC6F /* Release */ = {
			isa = XCBuildConfiguration;
			buildSettings = {
				ALWAYS_SEARCH_USER_PATHS = NO;
				CLANG_CXX_LANGUAGE_STANDARD = "gnu++0x";
				CLANG_CXX_LIBRARY = "libc++";
				CLANG_ENABLE_MODULES = YES;
				CLANG_ENABLE_OBJC_ARC = YES;
				CLANG_WARN_BOOL_CONVERSION = YES;
				CLANG_WARN_CONSTANT_CONVERSION = YES;
				CLANG_WARN_DIRECT_OBJC_ISA_USAGE = YES_ERROR;
				CLANG_WARN_EMPTY_BODY = YES;
				CLANG_WARN_ENUM_CONVERSION = YES;
				CLANG_WARN_INT_CONVERSION = YES;
				CLANG_WARN_OBJC_ROOT_CLASS = YES_ERROR;
				CLANG_WARN_UNREACHABLE_CODE = YES;
				CLANG_WARN__DUPLICATE_METHOD_MATCH = YES;
				"CODE_SIGN_IDENTITY[sdk=iphoneos*]" = "iPhone Developer";
				COPY_PHASE_STRIP = NO;
				DEBUG_INFORMATION_FORMAT = "dwarf-with-dsym";
				ENABLE_NS_ASSERTIONS = NO;
				ENABLE_STRICT_OBJC_MSGSEND = YES;
				GCC_C_LANGUAGE_STANDARD = gnu99;
				GCC_NO_COMMON_BLOCKS = YES;
				GCC_WARN_64_TO_32_BIT_CONVERSION = YES;
				GCC_WARN_ABOUT_RETURN_TYPE = YES_ERROR;
				GCC_WARN_UNDECLARED_SELECTOR = YES;
				GCC_WARN_UNINITIALIZED_AUTOS = YES_AGGRESSIVE;
				GCC_WARN_UNUSED_FUNCTION = YES;
				GCC_WARN_UNUSED_VARIABLE = YES;
				IPHONEOS_DEPLOYMENT_TARGET = 9.1;
				MTL_ENABLE_DEBUG_INFO = NO;
				SDKROOT = iphoneos;
				VALIDATE_PRODUCT = YES;
			};
			name = Release;
		};
		879743301D1BACE7002BFC6F /* Debug */ = {
			isa = XCBuildConfiguration;
			buildSettings = {
				ASSETCATALOG_COMPILER_APPICON_NAME = AppIcon;
				INFOPLIST_FILE = FuzzySearch/Info.plist;
				LD_RUNPATH_SEARCH_PATHS = "$(inherited) @executable_path/Frameworks";
				PRODUCT_BUNDLE_IDENTIFIER = Wisedu.FuzzySearch;
				PRODUCT_NAME = "$(TARGET_NAME)";
			};
			name = Debug;
		};
		879743311D1BACE7002BFC6F /* Release */ = {
			isa = XCBuildConfiguration;
			buildSettings = {
				ASSETCATALOG_COMPILER_APPICON_NAME = AppIcon;
				INFOPLIST_FILE = FuzzySearch/Info.plist;
				LD_RUNPATH_SEARCH_PATHS = "$(inherited) @executable_path/Frameworks";
				PRODUCT_BUNDLE_IDENTIFIER = Wisedu.FuzzySearch;
				PRODUCT_NAME = "$(TARGET_NAME)";
			};
			name = Release;
		};
		879743331D1BACE7002BFC6F /* Debug */ = {
			isa = XCBuildConfiguration;
			buildSettings = {
				BUNDLE_LOADER = "$(TEST_HOST)";
				INFOPLIST_FILE = FuzzySearchTests/Info.plist;
				LD_RUNPATH_SEARCH_PATHS = "$(inherited) @executable_path/Frameworks @loader_path/Frameworks";
				PRODUCT_BUNDLE_IDENTIFIER = Wisedu.FuzzySearchTests;
				PRODUCT_NAME = "$(TARGET_NAME)";
				TEST_HOST = "$(BUILT_PRODUCTS_DIR)/FuzzySearch.app/FuzzySearch";
			};
			name = Debug;
		};
		879743341D1BACE7002BFC6F /* Release */ = {
			isa = XCBuildConfiguration;
			buildSettings = {
				BUNDLE_LOADER = "$(TEST_HOST)";
				INFOPLIST_FILE = FuzzySearchTests/Info.plist;
				LD_RUNPATH_SEARCH_PATHS = "$(inherited) @executable_path/Frameworks @loader_path/Frameworks";
				PRODUCT_BUNDLE_IDENTIFIER = Wisedu.FuzzySearchTests;
				PRODUCT_NAME = "$(TARGET_NAME)";
				TEST_HOST = "$(BUILT_PRODUCTS_DIR)/FuzzySearch.app/FuzzySearch";
			};
			name = Release;
		};
		879743361D1BACE7002BFC6F /* Debug */ = {
			isa = XCBuildConfiguration;
			buildSettings = {
				INFOPLIST_FILE = FuzzySearchUITests/Info.plist;
				LD_RUNPATH_SEARCH_PATHS = "$(inherited) @executable_path/Frameworks @loader_path/Frameworks";
				PRODUCT_BUNDLE_IDENTIFIER = Wisedu.FuzzySearchUITests;
				PRODUCT_NAME = "$(TARGET_NAME)";
				TEST_TARGET_NAME = FuzzySearch;
				USES_XCTRUNNER = YES;
			};
			name = Debug;
		};
		879743371D1BACE7002BFC6F /* Release */ = {
			isa = XCBuildConfiguration;
			buildSettings = {
				INFOPLIST_FILE = FuzzySearchUITests/Info.plist;
				LD_RUNPATH_SEARCH_PATHS = "$(inherited) @executable_path/Frameworks @loader_path/Frameworks";
				PRODUCT_BUNDLE_IDENTIFIER = Wisedu.FuzzySearchUITests;
				PRODUCT_NAME = "$(TARGET_NAME)";
				TEST_TARGET_NAME = FuzzySearch;
				USES_XCTRUNNER = YES;
			};
			name = Release;
		};
/* End XCBuildConfiguration section */

/* Begin XCConfigurationList section */
		879742FD1D1BACE7002BFC6F /* Build configuration list for PBXProject "FuzzySearch" */ = {
			isa = XCConfigurationList;
			buildConfigurations = (
				8797432D1D1BACE7002BFC6F /* Debug */,
				8797432E1D1BACE7002BFC6F /* Release */,
			);
			defaultConfigurationIsVisible = 0;
			defaultConfigurationName = Release;
		};
		8797432F1D1BACE7002BFC6F /* Build configuration list for PBXNativeTarget "FuzzySearch" */ = {
			isa = XCConfigurationList;
			buildConfigurations = (
				879743301D1BACE7002BFC6F /* Debug */,
				879743311D1BACE7002BFC6F /* Release */,
			);
			defaultConfigurationIsVisible = 0;
		};
		879743321D1BACE7002BFC6F /* Build configuration list for PBXNativeTarget "FuzzySearchTests" */ = {
			isa = XCConfigurationList;
			buildConfigurations = (
				879743331D1BACE7002BFC6F /* Debug */,
				879743341D1BACE7002BFC6F /* Release */,
			);
			defaultConfigurationIsVisible = 0;
		};
		879743351D1BACE7002BFC6F /* Build configuration list for PBXNativeTarget "FuzzySearchUITests" */ = {
			isa = XCConfigurationList;
			buildConfigurations = (
				879743361D1BACE7002BFC6F /* Debug */,
				879743371D1BACE7002BFC6F /* Release */,
			);
			defaultConfigurationIsVisible = 0;
		};
/* End XCConfigurationList section */
	};
	rootObject = 879742FA1D1BACE7002BFC6F /* Project object */;
}
